// !$*UTF8*$!
{
	archiveVersion = 1;
	classes = {
	};
	objectVersion = 46;
	objects = {

/* Begin PBXBuildFile section */
		C6CFB5651BAE1A71005ED203 /* AppDelegate.swift in Sources */ = {isa = PBXBuildFile; fileRef = C6CFB5641BAE1A71005ED203 /* AppDelegate.swift */; };
		C6CFB5671BAE1A71005ED203 /* ViewController.swift in Sources */ = {isa = PBXBuildFile; fileRef = C6CFB5661BAE1A71005ED203 /* ViewController.swift */; };
		C6CFB56A1BAE1A71005ED203 /* Main.storyboard in Resources */ = {isa = PBXBuildFile; fileRef = C6CFB5681BAE1A71005ED203 /* Main.storyboard */; };
		C6CFB56C1BAE1A71005ED203 /* Images.xcassets in Resources */ = {isa = PBXBuildFile; fileRef = C6CFB56B1BAE1A71005ED203 /* Images.xcassets */; };
		C6CFB56F1BAE1A71005ED203 /* LaunchScreen.xib in Resources */ = {isa = PBXBuildFile; fileRef = C6CFB56D1BAE1A71005ED203 /* LaunchScreen.xib */; };
		C6CFB57B1BAE1A71005ED203 /* KeychainTouchIdDemoTests.swift in Sources */ = {isa = PBXBuildFile; fileRef = C6CFB57A1BAE1A71005ED203 /* KeychainTouchIdDemoTests.swift */; };
/* End PBXBuildFile section */

/* Begin PBXContainerItemProxy section */
		C6CFB5751BAE1A71005ED203 /* PBXContainerItemProxy */ = {
			isa = PBXContainerItemProxy;
			containerPortal = C6CFB5571BAE1A71005ED203 /* Project object */;
			proxyType = 1;
			remoteGlobalIDString = C6CFB55E1BAE1A71005ED203;
			remoteInfo = KeychainTouchIdDemo;
		};
/* End PBXContainerItemProxy section */

/* Begin PBXFileReference section */
		C6CFB55F1BAE1A71005ED203 /* KeychainTouchIdDemo.app */ = {isa = PBXFileReference; explicitFileType = wrapper.application; includeInIndex = 0; path = KeychainTouchIdDemo.app; sourceTree = BUILT_PRODUCTS_DIR; };
		C6CFB5631BAE1A71005ED203 /* Info.plist */ = {isa = PBXFileReference; lastKnownFileType = text.plist.xml; path = Info.plist; sourceTree = "<group>"; };
		C6CFB5641BAE1A71005ED203 /* AppDelegate.swift */ = {isa = PBXFileReference; lastKnownFileType = sourcecode.swift; path = AppDelegate.swift; sourceTree = "<group>"; };
		C6CFB5661BAE1A71005ED203 /* ViewController.swift */ = {isa = PBXFileReference; lastKnownFileType = sourcecode.swift; path = ViewController.swift; sourceTree = "<group>"; };
		C6CFB5691BAE1A71005ED203 /* Base */ = {isa = PBXFileReference; lastKnownFileType = file.storyboard; name = Base; path = Base.lproj/Main.storyboard; sourceTree = "<group>"; };
		C6CFB56B1BAE1A71005ED203 /* Images.xcassets */ = {isa = PBXFileReference; lastKnownFileType = folder.assetcatalog; path = Images.xcassets; sourceTree = "<group>"; };
		C6CFB56E1BAE1A71005ED203 /* Base */ = {isa = PBXFileReference; lastKnownFileType = file.xib; name = Base; path = Base.lproj/LaunchScreen.xib; sourceTree = "<group>"; };
		C6CFB5741BAE1A71005ED203 /* KeychainTouchIdDemoTests.xctest */ = {isa = PBXFileReference; explicitFileType = wrapper.cfbundle; includeInIndex = 0; path = KeychainTouchIdDemoTests.xctest; sourceTree = BUILT_PRODUCTS_DIR; };
		C6CFB5791BAE1A71005ED203 /* Info.plist */ = {isa = PBXFileReference; lastKnownFileType = text.plist.xml; path = Info.plist; sourceTree = "<group>"; };
		C6CFB57A1BAE1A71005ED203 /* KeychainTouchIdDemoTests.swift */ = {isa = PBXFileReference; lastKnownFileType = sourcecode.swift; path = KeychainTouchIdDemoTests.swift; sourceTree = "<group>"; };
/* End PBXFileReference section */

/* Begin PBXFrameworksBuildPhase section */
		C6CFB55C1BAE1A71005ED203 /* Frameworks */ = {
			isa = PBXFrameworksBuildPhase;
			buildActionMask = 2147483647;
			files = (
			);
			runOnlyForDeploymentPostprocessing = 0;
		};
		C6CFB5711BAE1A71005ED203 /* Frameworks */ = {
			isa = PBXFrameworksBuildPhase;
			buildActionMask = 2147483647;
			files = (
			);
			runOnlyForDeploymentPostprocessing = 0;
		};
/* End PBXFrameworksBuildPhase section */

/* Begin PBXGroup section */
		C6CFB5561BAE1A71005ED203 = {
			isa = PBXGroup;
			children = (
				C6CFB5611BAE1A71005ED203 /* KeychainTouchIdDemo */,
				C6CFB5771BAE1A71005ED203 /* KeychainTouchIdDemoTests */,
				C6CFB5601BAE1A71005ED203 /* Products */,
			);
			sourceTree = "<group>";
		};
		C6CFB5601BAE1A71005ED203 /* Products */ = {
			isa = PBXGroup;
			children = (
				C6CFB55F1BAE1A71005ED203 /* KeychainTouchIdDemo.app */,
				C6CFB5741BAE1A71005ED203 /* KeychainTouchIdDemoTests.xctest */,
			);
			name = Products;
			sourceTree = "<group>";
		};
		C6CFB5611BAE1A71005ED203 /* KeychainTouchIdDemo */ = {
			isa = PBXGroup;
			children = (
				C6CFB5641BAE1A71005ED203 /* AppDelegate.swift */,
				C6CFB5661BAE1A71005ED203 /* ViewController.swift */,
				C6CFB5681BAE1A71005ED203 /* Main.storyboard */,
				C6CFB56B1BAE1A71005ED203 /* Images.xcassets */,
				C6CFB56D1BAE1A71005ED203 /* LaunchScreen.xib */,
				C6CFB5621BAE1A71005ED203 /* Supporting Files */,
			);
			path = KeychainTouchIdDemo;
			sourceTree = "<group>";
		};
		C6CFB5621BAE1A71005ED203 /* Supporting Files */ = {
			isa = PBXGroup;
			children = (
				C6CFB5631BAE1A71005ED203 /* Info.plist */,
			);
			name = "Supporting Files";
			sourceTree = "<group>";
		};
		C6CFB5771BAE1A71005ED203 /* KeychainTouchIdDemoTests */ = {
			isa = PBXGroup;
			children = (
				C6CFB57A1BAE1A71005ED203 /* KeychainTouchIdDemoTests.swift */,
				C6CFB5781BAE1A71005ED203 /* Supporting Files */,
			);
			path = KeychainTouchIdDemoTests;
			sourceTree = "<group>";
		};
		C6CFB5781BAE1A71005ED203 /* Supporting Files */ = {
			isa = PBXGroup;
			children = (
				C6CFB5791BAE1A71005ED203 /* Info.plist */,
			);
			name = "Supporting Files";
			sourceTree = "<group>";
		};
/* End PBXGroup section */

/* Begin PBXNativeTarget section */
		C6CFB55E1BAE1A71005ED203 /* KeychainTouchIdDemo */ = {
			isa = PBXNativeTarget;
			buildConfigurationList = C6CFB57E1BAE1A71005ED203 /* Build configuration list for PBXNativeTarget "KeychainTouchIdDemo" */;
			buildPhases = (
				C6CFB55B1BAE1A71005ED203 /* Sources */,
				C6CFB55C1BAE1A71005ED203 /* Frameworks */,
				C6CFB55D1BAE1A71005ED203 /* Resources */,
			);
			buildRules = (
			);
			dependencies = (
			);
			name = KeychainTouchIdDemo;
			productName = KeychainTouchIdDemo;
			productReference = C6CFB55F1BAE1A71005ED203 /* KeychainTouchIdDemo.app */;
			productType = "com.apple.product-type.application";
		};
		C6CFB5731BAE1A71005ED203 /* KeychainTouchIdDemoTests */ = {
			isa = PBXNativeTarget;
			buildConfigurationList = C6CFB5811BAE1A71005ED203 /* Build configuration list for PBXNativeTarget "KeychainTouchIdDemoTests" */;
			buildPhases = (
				C6CFB5701BAE1A71005ED203 /* Sources */,
				C6CFB5711BAE1A71005ED203 /* Frameworks */,
				C6CFB5721BAE1A71005ED203 /* Resources */,
			);
			buildRules = (
			);
			dependencies = (
				C6CFB5761BAE1A71005ED203 /* PBXTargetDependency */,
			);
			name = KeychainTouchIdDemoTests;
			productName = KeychainTouchIdDemoTests;
			productReference = C6CFB5741BAE1A71005ED203 /* KeychainTouchIdDemoTests.xctest */;
			productType = "com.apple.product-type.bundle.unit-test";
		};
/* End PBXNativeTarget section */

/* Begin PBXProject section */
		C6CFB5571BAE1A71005ED203 /* Project object */ = {
			isa = PBXProject;
			attributes = {
				LastUpgradeCheck = 0640;
				ORGANIZATIONNAME = "Jason Shapiro";
				TargetAttributes = {
					C6CFB55E1BAE1A71005ED203 = {
						CreatedOnToolsVersion = 6.4;
					};
					C6CFB5731BAE1A71005ED203 = {
						CreatedOnToolsVersion = 6.4;
						TestTargetID = C6CFB55E1BAE1A71005ED203;
					};
				};
			};
			buildConfigurationList = C6CFB55A1BAE1A71005ED203 /* Build configuration list for PBXProject "KeychainTouchIdDemo" */;
			compatibilityVersion = "Xcode 3.2";
			developmentRegion = English;
			hasScannedForEncodings = 0;
			knownRegions = (
				en,
				Base,
			);
			mainGroup = C6CFB5561BAE1A71005ED203;
			productRefGroup = C6CFB5601BAE1A71005ED203 /* Products */;
			projectDirPath = "";
			projectRoot = "";
			targets = (
				C6CFB55E1BAE1A71005ED203 /* KeychainTouchIdDemo */,
				C6CFB5731BAE1A71005ED203 /* KeychainTouchIdDemoTests */,
			);
		};
/* End PBXProject section */

/* Begin PBXResourcesBuildPhase section */
		C6CFB55D1BAE1A71005ED203 /* Resources */ = {
			isa = PBXResourcesBuildPhase;
			buildActionMask = 2147483647;
			files = (
				C6CFB56A1BAE1A71005ED203 /* Main.storyboard in Resources */,
				C6CFB56F1BAE1A71005ED203 /* LaunchScreen.xib in Resources */,
				C6CFB56C1BAE1A71005ED203 /* Images.xcassets in Resources */,
			);
			runOnlyForDeploymentPostprocessing = 0;
		};
		C6CFB5721BAE1A71005ED203 /* Resources */ = {
			isa = PBXResourcesBuildPhase;
			buildActionMask = 2147483647;
			files = (
			);
			runOnlyForDeploymentPostprocessing = 0;
		};
/* End PBXResourcesBuildPhase section */

/* Begin PBXSourcesBuildPhase section */
		C6CFB55B1BAE1A71005ED203 /* Sources */ = {
			isa = PBXSourcesBuildPhase;
			buildActionMask = 2147483647;
			files = (
				C6CFB5671BAE1A71005ED203 /* ViewController.swift in Sources */,
				C6CFB5651BAE1A71005ED203 /* AppDelegate.swift in Sources */,
			);
			runOnlyForDeploymentPostprocessing = 0;
		};
		C6CFB5701BAE1A71005ED203 /* Sources */ = {
			isa = PBXSourcesBuildPhase;
			buildActionMask = 2147483647;
			files = (
				C6CFB57B1BAE1A71005ED203 /* KeychainTouchIdDemoTests.swift in Sources */,
			);
			runOnlyForDeploymentPostprocessing = 0;
		};
/* End PBXSourcesBuildPhase section */

/* Begin PBXTargetDependency section */
		C6CFB5761BAE1A71005ED203 /* PBXTargetDependency */ = {
			isa = PBXTargetDependency;
			target = C6CFB55E1BAE1A71005ED203 /* KeychainTouchIdDemo */;
			targetProxy = C6CFB5751BAE1A71005ED203 /* PBXContainerItemProxy */;
		};
/* End PBXTargetDependency section */

/* Begin PBXVariantGroup section */
		C6CFB5681BAE1A71005ED203 /* Main.storyboard */ = {
			isa = PBXVariantGroup;
			children = (
				C6CFB5691BAE1A71005ED203 /* Base */,
			);
			name = Main.storyboard;
			sourceTree = "<group>";
		};
		C6CFB56D1BAE1A71005ED203 /* LaunchScreen.xib */ = {
			isa = PBXVariantGroup;
			children = (
				C6CFB56E1BAE1A71005ED203 /* Base */,
			);
			name = LaunchScreen.xib;
			sourceTree = "<group>";
		};
/* End PBXVariantGroup section */

/* Begin XCBuildConfiguration section */
		C6CFB57C1BAE1A71005ED203 /* Debug */ = {
			isa = XCBuildConfiguration;
			buildSettings = {
				ALWAYS_SEARCH_USER_PATHS = NO;
				CLANG_CXX_LANGUAGE_STANDARD = "gnu++0x";
				CLANG_CXX_LIBRARY = "libc++";
				CLANG_ENABLE_MODULES = YES;
				CLANG_ENABLE_OBJC_ARC = YES;
				CLANG_WARN_BOOL_CONVERSION = YES;
				CLANG_WARN_CONSTANT_CONVERSION = YES;
				CLANG_WARN_DIRECT_OBJC_ISA_USAGE = YES_ERROR;
				CLANG_WARN_EMPTY_BODY = YES;
				CLANG_WARN_ENUM_CONVERSION = YES;
				CLANG_WARN_INT_CONVERSION = YES;
				CLANG_WARN_OBJC_ROOT_CLASS = YES_ERROR;
				CLANG_WARN_UNREACHABLE_CODE = YES;
				CLANG_WARN__DUPLICATE_METHOD_MATCH = YES;
				"CODE_SIGN_IDENTITY[sdk=iphoneos*]" = "iPhone Developer";
				COPY_PHASE_STRIP = NO;
				DEBUG_INFORMATION_FORMAT = "dwarf-with-dsym";
				ENABLE_STRICT_OBJC_MSGSEND = YES;
				GCC_C_LANGUAGE_STANDARD = gnu99;
				GCC_DYNAMIC_NO_PIC = NO;
				GCC_NO_COMMON_BLOCKS = YES;
				GCC_OPTIMIZATION_LEVEL = 0;
				GCC_PREPROCESSOR_DEFINITIONS = (
					"DEBUG=1",
					"$(inherited)",
				);
				GCC_SYMBOLS_PRIVATE_EXTERN = NO;
				GCC_WARN_64_TO_32_BIT_CONVERSION = YES;
				GCC_WARN_ABOUT_RETURN_TYPE = YES_ERROR;
				GCC_WARN_UNDECLARED_SELECTOR = YES;
				GCC_WARN_UNINITIALIZED_AUTOS = YES_AGGRESSIVE;
				GCC_WARN_UNUSED_FUNCTION = YES;
				GCC_WARN_UNUSED_VARIABLE = YES;
				IPHONEOS_DEPLOYMENT_TARGET = 8.4;
				MTL_ENABLE_DEBUG_INFO = YES;
				ONLY_ACTIVE_ARCH = YES;
				SDKROOT = iphoneos;
				SWIFT_OPTIMIZATION_LEVEL = "-Onone";
				TARGETED_DEVICE_FAMILY = "1,2";
			};
			name = Debug;
		};
		C6CFB57D1BAE1A71005ED203 /* Release */ = {
			isa = XCBuildConfiguration;
			buildSettings = {
				ALWAYS_SEARCH_USER_PATHS = NO;
				CLANG_CXX_LANGUAGE_STANDARD = "gnu++0x";
				CLANG_CXX_LIBRARY = "libc++";
				CLANG_ENABLE_MODULES = YES;
				CLANG_ENABLE_OBJC_ARC = YES;
				CLANG_WARN_BOOL_CONVERSION = YES;
				CLANG_WARN_CONSTANT_CONVERSION = YES;
				CLANG_WARN_DIRECT_OBJC_ISA_USAGE = YES_ERROR;
				CLANG_WARN_EMPTY_BODY = YES;
				CLANG_WARN_ENUM_CONVERSION = YES;
				CLANG_WARN_INT_CONVERSION = YES;
				CLANG_WARN_OBJC_ROOT_CLASS = YES_ERROR;
				CLANG_WARN_UNREACHABLE_CODE = YES;
				CLANG_WARN__DUPLICATE_METHOD_MATCH = YES;
				"CODE_SIGN_IDENTITY[sdk=iphoneos*]" = "iPhone Developer";
				COPY_PHASE_STRIP = NO;
				DEBUG_INFORMATION_FORMAT = "dwarf-with-dsym";
				ENABLE_NS_ASSERTIONS = NO;
				ENABLE_STRICT_OBJC_MSGSEND = YES;
				GCC_C_LANGUAGE_STANDARD = gnu99;
				GCC_NO_COMMON_BLOCKS = YES;
				GCC_WARN_64_TO_32_BIT_CONVERSION = YES;
				GCC_WARN_ABOUT_RETURN_TYPE = YES_ERROR;
				GCC_WARN_UNDECLARED_SELECTOR = YES;
				GCC_WARN_UNINITIALIZED_AUTOS = YES_AGGRESSIVE;
				GCC_WARN_UNUSED_FUNCTION = YES;
				GCC_WARN_UNUSED_VARIABLE = YES;
				IPHONEOS_DEPLOYMENT_TARGET = 8.4;
				MTL_ENABLE_DEBUG_INFO = NO;
				SDKROOT = iphoneos;
				TARGETED_DEVICE_FAMILY = "1,2";
				VALIDATE_PRODUCT = YES;
			};
			name = Release;
		};
		C6CFB57F1BAE1A71005ED203 /* Debug */ = {
			isa = XCBuildConfiguration;
			buildSettings = {
				ASSETCATALOG_COMPILER_APPICON_NAME = AppIcon;
				INFOPLIST_FILE = KeychainTouchIdDemo/Info.plist;
				LD_RUNPATH_SEARCH_PATHS = "$(inherited) @executable_path/Frameworks";
				PRODUCT_NAME = "$(TARGET_NAME)";
			};
			name = Debug;
		};
		C6CFB5801BAE1A71005ED203 /* Release */ = {
			isa = XCBuildConfiguration;
			buildSettings = {
				ASSETCATALOG_COMPILER_APPICON_NAME = AppIcon;
				INFOPLIST_FILE = KeychainTouchIdDemo/Info.plist;
				LD_RUNPATH_SEARCH_PATHS = "$(inherited) @executable_path/Frameworks";
				PRODUCT_NAME = "$(TARGET_NAME)";
			};
			name = Release;
		};
		C6CFB5821BAE1A71005ED203 /* Debug */ = {
			isa = XCBuildConfiguration;
			buildSettings = {
				BUNDLE_LOADER = "$(TEST_HOST)";
				FRAMEWORK_SEARCH_PATHS = (
					"$(SDKROOT)/Developer/Library/Frameworks",
					"$(inherited)",
				);
				GCC_PREPROCESSOR_DEFINITIONS = (
					"DEBUG=1",
					"$(inherited)",
				);
				INFOPLIST_FILE = KeychainTouchIdDemoTests/Info.plist;
				LD_RUNPATH_SEARCH_PATHS = "$(inherited) @executable_path/Frameworks @loader_path/Frameworks";
				PRODUCT_NAME = "$(TARGET_NAME)";
				TEST_HOST = "$(BUILT_PRODUCTS_DIR)/KeychainTouchIdDemo.app/KeychainTouchIdDemo";
			};
			name = Debug;
		};
		C6CFB5831BAE1A71005ED203 /* Release */ = {
			isa = XCBuildConfiguration;
			buildSettings = {
				BUNDLE_LOADER = "$(TEST_HOST)";
				FRAMEWORK_SEARCH_PATHS = (
					"$(SDKROOT)/Developer/Library/Frameworks",
					"$(inherited)",
				);
				INFOPLIST_FILE = KeychainTouchIdDemoTests/Info.plist;
				LD_RUNPATH_SEARCH_PATHS = "$(inherited) @executable_path/Frameworks @loader_path/Frameworks";
				PRODUCT_NAME = "$(TARGET_NAME)";
				TEST_HOST = "$(BUILT_PRODUCTS_DIR)/KeychainTouchIdDemo.app/KeychainTouchIdDemo";
			};
			name = Release;
		};
/* End XCBuildConfiguration section */

/* Begin XCConfigurationList section */
		C6CFB55A1BAE1A71005ED203 /* Build configuration list for PBXProject "KeychainTouchIdDemo" */ = {
			isa = XCConfigurationList;
			buildConfigurations = (
				C6CFB57C1BAE1A71005ED203 /* Debug */,
				C6CFB57D1BAE1A71005ED203 /* Release */,
			);
			defaultConfigurationIsVisible = 0;
			defaultConfigurationName = Release;
		};
		C6CFB57E1BAE1A71005ED203 /* Build configuration list for PBXNativeTarget "KeychainTouchIdDemo" */ = {
			isa = XCConfigurationList;
			buildConfigurations = (
				C6CFB57F1BAE1A71005ED203 /* Debug */,
				C6CFB5801BAE1A71005ED203 /* Release */,
			);
			defaultConfigurationIsVisible = 0;
		};
		C6CFB5811BAE1A71005ED203 /* Build configuration list for PBXNativeTarget "KeychainTouchIdDemoTests" */ = {
			isa = XCConfigurationList;
			buildConfigurations = (
				C6CFB5821BAE1A71005ED203 /* Debug */,
				C6CFB5831BAE1A71005ED203 /* Release */,
			);
			defaultConfigurationIsVisible = 0;
		};
/* End XCConfigurationList section */
	};
	rootObject = C6CFB5571BAE1A71005ED203 /* Project object */;
}
