// !$*UTF8*$!
{
	archiveVersion = 1;
	classes = {
	};
	objectVersion = 46;
	objects = {

/* Begin PBXBuildFile section */
		C62C80681BB9C79400FC6994 /* AppDelegate.swift in Sources */ = {isa = PBXBuildFile; fileRef = C62C80671BB9C79400FC6994 /* AppDelegate.swift */; };
		C62C80721BB9C79400FC6994 /* LaunchScreen.storyboard in Resources */ = {isa = PBXBuildFile; fileRef = C62C80701BB9C79400FC6994 /* LaunchScreen.storyboard */; };
		C66A17601BB87205001A5602 /* KeychainInternetPasswordViewController.swift in Sources */ = {isa = PBXBuildFile; fileRef = C66A175F1BB87205001A5602 /* KeychainInternetPasswordViewController.swift */; settings = {ASSET_TAGS = (); }; };
		C66A17621BB88ABE001A5602 /* TouchIDAuthViewController.swift in Sources */ = {isa = PBXBuildFile; fileRef = C66A17611BB88ABE001A5602 /* TouchIDAuthViewController.swift */; settings = {ASSET_TAGS = (); }; };
		C66A17641BB89FA5001A5602 /* LAContextDemoViewController.swift in Sources */ = {isa = PBXBuildFile; fileRef = C66A17631BB89FA5001A5602 /* LAContextDemoViewController.swift */; settings = {ASSET_TAGS = (); }; };
		C6B8B72F1BB9C8BD00B8664F /* Sharing.storyboard in Resources */ = {isa = PBXBuildFile; fileRef = C6B8B72D1BB9C8BD00B8664F /* Sharing.storyboard */; settings = {ASSET_TAGS = (); }; };
		C6B8B7311BB9C96F00B8664F /* KeychainPasswordViewController.swift in Sources */ = {isa = PBXBuildFile; fileRef = C6CFB5661BAE1A71005ED203 /* KeychainPasswordViewController.swift */; };
		C6B8B7341BB9CAFF00B8664F /* Images.xcassets in Resources */ = {isa = PBXBuildFile; fileRef = C6CFB56B1BAE1A71005ED203 /* Images.xcassets */; };
		C6B8B73D1BB9E1AD00B8664F /* Sharing-ReadMe.txt in Resources */ = {isa = PBXBuildFile; fileRef = C6B8B73C1BB9E1AD00B8664F /* Sharing-ReadMe.txt */; settings = {ASSET_TAGS = (); }; };
		C6CFB5651BAE1A71005ED203 /* AppDelegate.swift in Sources */ = {isa = PBXBuildFile; fileRef = C6CFB5641BAE1A71005ED203 /* AppDelegate.swift */; };
		C6CFB5671BAE1A71005ED203 /* KeychainPasswordViewController.swift in Sources */ = {isa = PBXBuildFile; fileRef = C6CFB5661BAE1A71005ED203 /* KeychainPasswordViewController.swift */; };
		C6CFB56A1BAE1A71005ED203 /* Main.storyboard in Resources */ = {isa = PBXBuildFile; fileRef = C6CFB5681BAE1A71005ED203 /* Main.storyboard */; };
		C6CFB56C1BAE1A71005ED203 /* Images.xcassets in Resources */ = {isa = PBXBuildFile; fileRef = C6CFB56B1BAE1A71005ED203 /* Images.xcassets */; };
		C6CFB56F1BAE1A71005ED203 /* LaunchScreen.xib in Resources */ = {isa = PBXBuildFile; fileRef = C6CFB56D1BAE1A71005ED203 /* LaunchScreen.xib */; };
/* End PBXBuildFile section */

/* Begin PBXFileReference section */
		C62C80651BB9C79400FC6994 /* KeychainItemSharingDemo.app */ = {isa = PBXFileReference; explicitFileType = wrapper.application; includeInIndex = 0; path = KeychainItemSharingDemo.app; sourceTree = BUILT_PRODUCTS_DIR; };
		C62C80671BB9C79400FC6994 /* AppDelegate.swift */ = {isa = PBXFileReference; lastKnownFileType = sourcecode.swift; path = AppDelegate.swift; sourceTree = "<group>"; };
		C62C80711BB9C79400FC6994 /* Base */ = {isa = PBXFileReference; lastKnownFileType = file.storyboard; name = Base; path = Base.lproj/LaunchScreen.storyboard; sourceTree = "<group>"; };
		C62C80731BB9C79400FC6994 /* Info.plist */ = {isa = PBXFileReference; lastKnownFileType = text.plist.xml; path = Info.plist; sourceTree = "<group>"; };
		C66A175F1BB87205001A5602 /* KeychainInternetPasswordViewController.swift */ = {isa = PBXFileReference; fileEncoding = 4; lastKnownFileType = sourcecode.swift; path = KeychainInternetPasswordViewController.swift; sourceTree = "<group>"; };
		C66A17611BB88ABE001A5602 /* TouchIDAuthViewController.swift */ = {isa = PBXFileReference; fileEncoding = 4; lastKnownFileType = sourcecode.swift; path = TouchIDAuthViewController.swift; sourceTree = "<group>"; };
		C66A17631BB89FA5001A5602 /* LAContextDemoViewController.swift */ = {isa = PBXFileReference; fileEncoding = 4; lastKnownFileType = sourcecode.swift; path = LAContextDemoViewController.swift; sourceTree = "<group>"; };
		C6B8B72E1BB9C8BD00B8664F /* Base */ = {isa = PBXFileReference; lastKnownFileType = file.storyboard; name = Base; path = Base.lproj/Sharing.storyboard; sourceTree = "<group>"; };
		C6B8B73C1BB9E1AD00B8664F /* Sharing-ReadMe.txt */ = {isa = PBXFileReference; fileEncoding = 4; lastKnownFileType = text; path = "Sharing-ReadMe.txt"; sourceTree = "<group>"; };
		C6CFB55F1BAE1A71005ED203 /* KeychainTouchIdDemo.app */ = {isa = PBXFileReference; explicitFileType = wrapper.application; includeInIndex = 0; path = KeychainTouchIdDemo.app; sourceTree = BUILT_PRODUCTS_DIR; };
		C6CFB5631BAE1A71005ED203 /* Info.plist */ = {isa = PBXFileReference; lastKnownFileType = text.plist.xml; path = Info.plist; sourceTree = "<group>"; };
		C6CFB5641BAE1A71005ED203 /* AppDelegate.swift */ = {isa = PBXFileReference; lastKnownFileType = sourcecode.swift; path = AppDelegate.swift; sourceTree = "<group>"; };
		C6CFB5661BAE1A71005ED203 /* KeychainPasswordViewController.swift */ = {isa = PBXFileReference; lastKnownFileType = sourcecode.swift; name = KeychainPasswordViewController.swift; path = KeychainTouchIdDemo/KeychainPasswordViewController.swift; sourceTree = "<group>"; };
		C6CFB5691BAE1A71005ED203 /* Base */ = {isa = PBXFileReference; lastKnownFileType = file.storyboard; name = Base; path = Base.lproj/Main.storyboard; sourceTree = "<group>"; };
		C6CFB56B1BAE1A71005ED203 /* Images.xcassets */ = {isa = PBXFileReference; lastKnownFileType = folder.assetcatalog; name = Images.xcassets; path = KeychainTouchIdDemo/Images.xcassets; sourceTree = "<group>"; };
		C6CFB56E1BAE1A71005ED203 /* Base */ = {isa = PBXFileReference; lastKnownFileType = file.xib; name = Base; path = Base.lproj/LaunchScreen.xib; sourceTree = "<group>"; };
/* End PBXFileReference section */

/* Begin PBXFrameworksBuildPhase section */
		C62C80621BB9C79400FC6994 /* Frameworks */ = {
			isa = PBXFrameworksBuildPhase;
			buildActionMask = 2147483647;
			files = (
			);
			runOnlyForDeploymentPostprocessing = 0;
		};
		C6CFB55C1BAE1A71005ED203 /* Frameworks */ = {
			isa = PBXFrameworksBuildPhase;
			buildActionMask = 2147483647;
			files = (
			);
			runOnlyForDeploymentPostprocessing = 0;
		};
/* End PBXFrameworksBuildPhase section */

/* Begin PBXGroup section */
		C62C80661BB9C79400FC6994 /* KeychainItemSharingDemo */ = {
			isa = PBXGroup;
			children = (
				C6B8B72D1BB9C8BD00B8664F /* Sharing.storyboard */,
				C62C80671BB9C79400FC6994 /* AppDelegate.swift */,
				C62C80701BB9C79400FC6994 /* LaunchScreen.storyboard */,
				C62C80731BB9C79400FC6994 /* Info.plist */,
				C6B8B73C1BB9E1AD00B8664F /* Sharing-ReadMe.txt */,
			);
			path = KeychainItemSharingDemo;
			sourceTree = "<group>";
		};
		C6B8B7331BB9CA7200B8664F /* Shared Resources */ = {
			isa = PBXGroup;
			children = (
				C6CFB5661BAE1A71005ED203 /* KeychainPasswordViewController.swift */,
				C6CFB56B1BAE1A71005ED203 /* Images.xcassets */,
			);
			name = "Shared Resources";
			sourceTree = "<group>";
		};
		C6CFB5561BAE1A71005ED203 = {
			isa = PBXGroup;
			children = (
				C6B8B7331BB9CA7200B8664F /* Shared Resources */,
				C6CFB5611BAE1A71005ED203 /* KeychainTouchIdDemo */,
				C62C80661BB9C79400FC6994 /* KeychainItemSharingDemo */,
				C6CFB5601BAE1A71005ED203 /* Products */,
			);
			sourceTree = "<group>";
		};
		C6CFB5601BAE1A71005ED203 /* Products */ = {
			isa = PBXGroup;
			children = (
				C6CFB55F1BAE1A71005ED203 /* KeychainTouchIdDemo.app */,
				C62C80651BB9C79400FC6994 /* KeychainItemSharingDemo.app */,
			);
			name = Products;
			sourceTree = "<group>";
		};
		C6CFB5611BAE1A71005ED203 /* KeychainTouchIdDemo */ = {
			isa = PBXGroup;
			children = (
				C6CFB5641BAE1A71005ED203 /* AppDelegate.swift */,
				C66A17631BB89FA5001A5602 /* LAContextDemoViewController.swift */,
				C66A175F1BB87205001A5602 /* KeychainInternetPasswordViewController.swift */,
				C66A17611BB88ABE001A5602 /* TouchIDAuthViewController.swift */,
				C6CFB5681BAE1A71005ED203 /* Main.storyboard */,
				C6CFB56D1BAE1A71005ED203 /* LaunchScreen.xib */,
				C6CFB5631BAE1A71005ED203 /* Info.plist */,
			);
			path = KeychainTouchIdDemo;
			sourceTree = "<group>";
		};
/* End PBXGroup section */

/* Begin PBXNativeTarget section */
		C62C80641BB9C79400FC6994 /* KeychainItemSharingDemo */ = {
			isa = PBXNativeTarget;
			buildConfigurationList = C62C80761BB9C79400FC6994 /* Build configuration list for PBXNativeTarget "KeychainItemSharingDemo" */;
			buildPhases = (
				C62C80611BB9C79400FC6994 /* Sources */,
				C62C80621BB9C79400FC6994 /* Frameworks */,
				C62C80631BB9C79400FC6994 /* Resources */,
			);
			buildRules = (
			);
			dependencies = (
			);
			name = KeychainItemSharingDemo;
			productName = KeychainItemSharingDemo;
			productReference = C62C80651BB9C79400FC6994 /* KeychainItemSharingDemo.app */;
			productType = "com.apple.product-type.application";
		};
		C6CFB55E1BAE1A71005ED203 /* KeychainTouchIdDemo */ = {
			isa = PBXNativeTarget;
			buildConfigurationList = C6CFB57E1BAE1A71005ED203 /* Build configuration list for PBXNativeTarget "KeychainTouchIdDemo" */;
			buildPhases = (
				C6CFB55B1BAE1A71005ED203 /* Sources */,
				C6CFB55C1BAE1A71005ED203 /* Frameworks */,
				C6CFB55D1BAE1A71005ED203 /* Resources */,
			);
			buildRules = (
			);
			dependencies = (
			);
			name = KeychainTouchIdDemo;
			productName = KeychainTouchIdDemo;
			productReference = C6CFB55F1BAE1A71005ED203 /* KeychainTouchIdDemo.app */;
			productType = "com.apple.product-type.application";
		};
/* End PBXNativeTarget section */

/* Begin PBXProject section */
		C6CFB5571BAE1A71005ED203 /* Project object */ = {
			isa = PBXProject;
			attributes = {
				LastSwiftUpdateCheck = 0700;
				LastUpgradeCheck = 0700;
				ORGANIZATIONNAME = "Jason Shapiro";
				TargetAttributes = {
					C62C80641BB9C79400FC6994 = {
						CreatedOnToolsVersion = 7.0;
					};
					C6CFB55E1BAE1A71005ED203 = {
						CreatedOnToolsVersion = 6.4;
					};
				};
			};
			buildConfigurationList = C6CFB55A1BAE1A71005ED203 /* Build configuration list for PBXProject "KeychainTouchIdDemo" */;
			compatibilityVersion = "Xcode 3.2";
			developmentRegion = English;
			hasScannedForEncodings = 0;
			knownRegions = (
				en,
				Base,
			);
			mainGroup = C6CFB5561BAE1A71005ED203;
			productRefGroup = C6CFB5601BAE1A71005ED203 /* Products */;
			projectDirPath = "";
			projectRoot = "";
			targets = (
				C6CFB55E1BAE1A71005ED203 /* KeychainTouchIdDemo */,
				C62C80641BB9C79400FC6994 /* KeychainItemSharingDemo */,
			);
		};
/* End PBXProject section */

/* Begin PBXResourcesBuildPhase section */
		C62C80631BB9C79400FC6994 /* Resources */ = {
			isa = PBXResourcesBuildPhase;
			buildActionMask = 2147483647;
			files = (
				C6B8B7341BB9CAFF00B8664F /* Images.xcassets in Resources */,
				C62C80721BB9C79400FC6994 /* LaunchScreen.storyboard in Resources */,
				C6B8B72F1BB9C8BD00B8664F /* Sharing.storyboard in Resources */,
				C6B8B73D1BB9E1AD00B8664F /* Sharing-ReadMe.txt in Resources */,
			);
			runOnlyForDeploymentPostprocessing = 0;
		};
		C6CFB55D1BAE1A71005ED203 /* Resources */ = {
			isa = PBXResourcesBuildPhase;
			buildActionMask = 2147483647;
			files = (
				C6CFB56A1BAE1A71005ED203 /* Main.storyboard in Resources */,
				C6CFB56F1BAE1A71005ED203 /* LaunchScreen.xib in Resources */,
				C6CFB56C1BAE1A71005ED203 /* Images.xcassets in Resources */,
			);
			runOnlyForDeploymentPostprocessing = 0;
		};
/* End PBXResourcesBuildPhase section */

/* Begin PBXSourcesBuildPhase section */
		C62C80611BB9C79400FC6994 /* Sources */ = {
			isa = PBXSourcesBuildPhase;
			buildActionMask = 2147483647;
			files = (
				C6B8B7311BB9C96F00B8664F /* KeychainPasswordViewController.swift in Sources */,
				C62C80681BB9C79400FC6994 /* AppDelegate.swift in Sources */,
			);
			runOnlyForDeploymentPostprocessing = 0;
		};
		C6CFB55B1BAE1A71005ED203 /* Sources */ = {
			isa = PBXSourcesBuildPhase;
			buildActionMask = 2147483647;
			files = (
				C66A17641BB89FA5001A5602 /* LAContextDemoViewController.swift in Sources */,
				C66A17601BB87205001A5602 /* KeychainInternetPasswordViewController.swift in Sources */,
				C6CFB5671BAE1A71005ED203 /* KeychainPasswordViewController.swift in Sources */,
				C6CFB5651BAE1A71005ED203 /* AppDelegate.swift in Sources */,
				C66A17621BB88ABE001A5602 /* TouchIDAuthViewController.swift in Sources */,
			);
			runOnlyForDeploymentPostprocessing = 0;
		};
/* End PBXSourcesBuildPhase section */

/* Begin PBXVariantGroup section */
		C62C80701BB9C79400FC6994 /* LaunchScreen.storyboard */ = {
			isa = PBXVariantGroup;
			children = (
				C62C80711BB9C79400FC6994 /* Base */,
			);
			name = LaunchScreen.storyboard;
			sourceTree = "<group>";
		};
		C6B8B72D1BB9C8BD00B8664F /* Sharing.storyboard */ = {
			isa = PBXVariantGroup;
			children = (
				C6B8B72E1BB9C8BD00B8664F /* Base */,
			);
			name = Sharing.storyboard;
			path = ../KeychainTouchIdDemo;
			sourceTree = "<group>";
		};
		C6CFB5681BAE1A71005ED203 /* Main.storyboard */ = {
			isa = PBXVariantGroup;
			children = (
				C6CFB5691BAE1A71005ED203 /* Base */,
			);
			name = Main.storyboard;
			sourceTree = "<group>";
		};
		C6CFB56D1BAE1A71005ED203 /* LaunchScreen.xib */ = {
			isa = PBXVariantGroup;
			children = (
				C6CFB56E1BAE1A71005ED203 /* Base */,
			);
			name = LaunchScreen.xib;
			sourceTree = "<group>";
		};
/* End PBXVariantGroup section */

/* Begin XCBuildConfiguration section */
		C62C80741BB9C79400FC6994 /* Debug */ = {
			isa = XCBuildConfiguration;
			buildSettings = {
				ASSETCATALOG_COMPILER_APPICON_NAME = AppIcon;
				DEBUG_INFORMATION_FORMAT = dwarf;
				INFOPLIST_FILE = KeychainItemSharingDemo/Info.plist;
				LD_RUNPATH_SEARCH_PATHS = "$(inherited) @executable_path/Frameworks";
				PRODUCT_BUNDLE_IDENTIFIER = com.intertech.KeychainItemSharingDemo;
				PRODUCT_NAME = "$(TARGET_NAME)";
			};
			name = Debug;
		};
		C62C80751BB9C79400FC6994 /* Release */ = {
			isa = XCBuildConfiguration;
			buildSettings = {
				ASSETCATALOG_COMPILER_APPICON_NAME = AppIcon;
				INFOPLIST_FILE = KeychainItemSharingDemo/Info.plist;
				LD_RUNPATH_SEARCH_PATHS = "$(inherited) @executable_path/Frameworks";
				PRODUCT_BUNDLE_IDENTIFIER = com.intertech.KeychainItemSharingDemo;
				PRODUCT_NAME = "$(TARGET_NAME)";
			};
			name = Release;
		};
		C6CFB57C1BAE1A71005ED203 /* Debug */ = {
			isa = XCBuildConfiguration;
			buildSettings = {
				ALWAYS_SEARCH_USER_PATHS = NO;
				CLANG_CXX_LANGUAGE_STANDARD = "gnu++0x";
				CLANG_CXX_LIBRARY = "libc++";
				CLANG_ENABLE_MODULES = YES;
				CLANG_ENABLE_OBJC_ARC = YES;
				CLANG_WARN_BOOL_CONVERSION = YES;
				CLANG_WARN_CONSTANT_CONVERSION = YES;
				CLANG_WARN_DIRECT_OBJC_ISA_USAGE = YES_ERROR;
				CLANG_WARN_EMPTY_BODY = YES;
				CLANG_WARN_ENUM_CONVERSION = YES;
				CLANG_WARN_INT_CONVERSION = YES;
				CLANG_WARN_OBJC_ROOT_CLASS = YES_ERROR;
				CLANG_WARN_UNREACHABLE_CODE = YES;
				CLANG_WARN__DUPLICATE_METHOD_MATCH = YES;
				"CODE_SIGN_IDENTITY[sdk=iphoneos*]" = "iPhone Developer";
				COPY_PHASE_STRIP = NO;
				DEBUG_INFORMATION_FORMAT = "dwarf-with-dsym";
				ENABLE_STRICT_OBJC_MSGSEND = YES;
				ENABLE_TESTABILITY = YES;
				GCC_C_LANGUAGE_STANDARD = gnu99;
				GCC_DYNAMIC_NO_PIC = NO;
				GCC_NO_COMMON_BLOCKS = YES;
				GCC_OPTIMIZATION_LEVEL = 0;
				GCC_PREPROCESSOR_DEFINITIONS = (
					"DEBUG=1",
					"$(inherited)",
				);
				GCC_SYMBOLS_PRIVATE_EXTERN = NO;
				GCC_WARN_64_TO_32_BIT_CONVERSION = YES;
				GCC_WARN_ABOUT_RETURN_TYPE = YES_ERROR;
				GCC_WARN_UNDECLARED_SELECTOR = YES;
				GCC_WARN_UNINITIALIZED_AUTOS = YES_AGGRESSIVE;
				GCC_WARN_UNUSED_FUNCTION = YES;
				GCC_WARN_UNUSED_VARIABLE = YES;
				IPHONEOS_DEPLOYMENT_TARGET = 9.0;
				MTL_ENABLE_DEBUG_INFO = YES;
				ONLY_ACTIVE_ARCH = YES;
				SDKROOT = iphoneos;
				SWIFT_OPTIMIZATION_LEVEL = "-Onone";
				TARGETED_DEVICE_FAMILY = "1,2";
			};
			name = Debug;
		};
		C6CFB57D1BAE1A71005ED203 /* Release */ = {
			isa = XCBuildConfiguration;
			buildSettings = {
				ALWAYS_SEARCH_USER_PATHS = NO;
				CLANG_CXX_LANGUAGE_STANDARD = "gnu++0x";
				CLANG_CXX_LIBRARY = "libc++";
				CLANG_ENABLE_MODULES = YES;
				CLANG_ENABLE_OBJC_ARC = YES;
				CLANG_WARN_BOOL_CONVERSION = YES;
				CLANG_WARN_CONSTANT_CONVERSION = YES;
				CLANG_WARN_DIRECT_OBJC_ISA_USAGE = YES_ERROR;
				CLANG_WARN_EMPTY_BODY = YES;
				CLANG_WARN_ENUM_CONVERSION = YES;
				CLANG_WARN_INT_CONVERSION = YES;
				CLANG_WARN_OBJC_ROOT_CLASS = YES_ERROR;
				CLANG_WARN_UNREACHABLE_CODE = YES;
				CLANG_WARN__DUPLICATE_METHOD_MATCH = YES;
				"CODE_SIGN_IDENTITY[sdk=iphoneos*]" = "iPhone Developer";
				COPY_PHASE_STRIP = NO;
				DEBUG_INFORMATION_FORMAT = "dwarf-with-dsym";
				ENABLE_NS_ASSERTIONS = NO;
				ENABLE_STRICT_OBJC_MSGSEND = YES;
				GCC_C_LANGUAGE_STANDARD = gnu99;
				GCC_NO_COMMON_BLOCKS = YES;
				GCC_WARN_64_TO_32_BIT_CONVERSION = YES;
				GCC_WARN_ABOUT_RETURN_TYPE = YES_ERROR;
				GCC_WARN_UNDECLARED_SELECTOR = YES;
				GCC_WARN_UNINITIALIZED_AUTOS = YES_AGGRESSIVE;
				GCC_WARN_UNUSED_FUNCTION = YES;
				GCC_WARN_UNUSED_VARIABLE = YES;
				IPHONEOS_DEPLOYMENT_TARGET = 9.0;
				MTL_ENABLE_DEBUG_INFO = NO;
				SDKROOT = iphoneos;
				TARGETED_DEVICE_FAMILY = "1,2";
				VALIDATE_PRODUCT = YES;
			};
			name = Release;
		};
		C6CFB57F1BAE1A71005ED203 /* Debug */ = {
			isa = XCBuildConfiguration;
			buildSettings = {
				ASSETCATALOG_COMPILER_APPICON_NAME = AppIcon;
				INFOPLIST_FILE = KeychainTouchIdDemo/Info.plist;
				LD_RUNPATH_SEARCH_PATHS = "$(inherited) @executable_path/Frameworks";
				PRODUCT_BUNDLE_IDENTIFIER = "com.intertech.$(PRODUCT_NAME:rfc1034identifier)";
				PRODUCT_NAME = "$(TARGET_NAME)";
			};
			name = Debug;
		};
		C6CFB5801BAE1A71005ED203 /* Release */ = {
			isa = XCBuildConfiguration;
			buildSettings = {
				ASSETCATALOG_COMPILER_APPICON_NAME = AppIcon;
				INFOPLIST_FILE = KeychainTouchIdDemo/Info.plist;
				LD_RUNPATH_SEARCH_PATHS = "$(inherited) @executable_path/Frameworks";
				PRODUCT_BUNDLE_IDENTIFIER = "com.intertech.$(PRODUCT_NAME:rfc1034identifier)";
				PRODUCT_NAME = "$(TARGET_NAME)";
			};
			name = Release;
		};
/* End XCBuildConfiguration section */

/* Begin XCConfigurationList section */
		C62C80761BB9C79400FC6994 /* Build configuration list for PBXNativeTarget "KeychainItemSharingDemo" */ = {
			isa = XCConfigurationList;
			buildConfigurations = (
				C62C80741BB9C79400FC6994 /* Debug */,
				C62C80751BB9C79400FC6994 /* Release */,
			);
			defaultConfigurationIsVisible = 0;
			defaultConfigurationName = Release;
		};
		C6CFB55A1BAE1A71005ED203 /* Build configuration list for PBXProject "KeychainTouchIdDemo" */ = {
			isa = XCConfigurationList;
			buildConfigurations = (
				C6CFB57C1BAE1A71005ED203 /* Debug */,
				C6CFB57D1BAE1A71005ED203 /* Release */,
			);
			defaultConfigurationIsVisible = 0;
			defaultConfigurationName = Release;
		};
		C6CFB57E1BAE1A71005ED203 /* Build configuration list for PBXNativeTarget "KeychainTouchIdDemo" */ = {
			isa = XCConfigurationList;
			buildConfigurations = (
				C6CFB57F1BAE1A71005ED203 /* Debug */,
				C6CFB5801BAE1A71005ED203 /* Release */,
			);
			defaultConfigurationIsVisible = 0;
			defaultConfigurationName = Release;
		};
/* End XCConfigurationList section */
	};
	rootObject = C6CFB5571BAE1A71005ED203 /* Project object */;
}
